
Microsoft Visual Studio Solution File, Format Version 12.00
# Visual Studio Version 17
VisualStudioVersion = 17.1.32421.90
MinimumVisualStudioVersion = 10.0.40219.1
Project("{FAE04EC0-301F-11D3-BF4B-00C04F79EFBC}") = "ConsoleApp1", "ConsoleApp1\ConsoleApp1.csproj", "{1443BB50-AD63-4EBA-8AD2-6E661E0D6529}"
EndProject
Global
	GlobalSection(SolutionConfigurationPlatforms) = preSolution
		Debug|Any CPU = Debug|Any CPU
		Release|Any CPU = Release|Any CPU
	EndGlobalSection
	GlobalSection(ProjectConfigurationPlatforms) = postSolution
		{1443BB50-AD63-4EBA-8AD2-6E661E0D6529}.Debug|Any CPU.ActiveCfg = Debug|Any CPU
		{1443BB50-AD63-4EBA-8AD2-6E661E0D6529}.Debug|Any CPU.Build.0 = Debug|Any CPU
		{1443BB50-AD63-4EBA-8AD2-6E661E0D6529}.Release|Any CPU.ActiveCfg = Release|Any CPU
		{1443BB50-AD63-4EBA-8AD2-6E661E0D6529}.Release|Any CPU.Build.0 = Release|Any CPU
	EndGlobalSection
	GlobalSection(SolutionProperties) = preSolution
		HideSolutionNode = FALSE
	EndGlobalSection
	GlobalSection(ExtensibilityGlobals) = postSolution
		SolutionGuid = {892878F7-27DA-49B7-91A3-B12D7C6CE68B}
	EndGlobalSection
EndGlobal
